{
  "lockfile_version": "1",
  "packages": {
    "bun@1.3.10": {
      "last_modified": "2026-03-10T02:35:18Z",
      "resolved": "github:NixOS/nixpkgs/e607cb5360ff1234862ac9f8839522becb853bb9#bun",
      "source": "devbox-search",
      "version": "1.3.10",
      "systems": {
        "aarch64-darwin": {
          "outputs": [
            {
              "name": "out",
              "path": "/nix/store/421j82pv4gjmh9n2gchb4cs40hqfj20d-bun-1.3.10",
              "default": true
            }
          ],
          "store_path": "/nix/store/421j82pv4gjmh9n2gchb4cs40hqfj20d-bun-1.3.10"
        },
        "aarch64-linux": {
          "outputs": [
            {
              "name": "out",
              "path": "/nix/store/ffdcfkl3kpdwagswlwlff6qazxkj4cag-bun-1.3.10",
              "default": true
            }
          ],
          "store_path": "/nix/store/ffdcfkl3kpdwagswlwlff6qazxkj4cag-bun-1.3.10"
        },
        "x86_64-darwin": {
          "outputs": [
            {
              "name": "out",
              "path": "/nix/store/k6gj0kvvy9nrs87i646qxj9hr6fkchix-bun-1.3.10",
              "default": true
            }
          ],
          "store_path": "/nix/store/k6gj0kvvy9nrs87i646qxj9hr6fkchix-bun-1.3.10"
        },
        "x86_64-linux": {
          "outputs": [
            {
              "name": "out",
              "path": "/nix/store/ffgyf7g2n4gbhi1zgbcphssivfah1c4s-bun-1.3.10",
              "default": true
            }
          ],
          "store_path": "/nix/store/ffgyf7g2n4gbhi1zgbcphssivfah1c4s-bun-1.3.10"
        }
      }
    },
    "github:NixOS/nixpkgs/nixpkgs-unstable": {
      "last_modified": "2026-03-14T16:50:54Z",
      "resolved": "github:NixOS/nixpkgs/e80236013dc8b77aa49ca90e7a12d86f5d8d64c9?lastModified=1773507054&narHash=sha256-Q8U5VXgrcxmCxPtCCJCIZkcAX3FCZwGh1GNVIXxMND0%3D"
    },
    "imagemagick@7.1.2-13": {
      "last_modified": "2026-03-05T01:30:23Z",
      "resolved": "github:NixOS/nixpkgs/66d9241e3dc2296726dc522e62dbfe89c7b449f3#imagemagick",
      "source": "devbox-search",
      "version": "7.1.2-13",
      "systems": {
        "aarch64-darwin": {
          "outputs": [
            {
              "name": "out",
              "path": "/nix/store/p46q9h4acq6rzz5rff7yvlbzdgn6xl4l-imagemagick-7.1.2-13",
              "default": true
            },
            {
              "name": "dev",
              "path": "/nix/store/sgdrcl19pqw1magram1dh6n5rz34xrps-imagemagick-7.1.2-13-dev"
            },
            {
              "name": "doc",
              "path": "/nix/store/88xhy6n2r5a5xjfp2wgl560xqdnrkz4s-imagemagick-7.1.2-13-doc"
            }
          ],
          "store_path": "/nix/store/p46q9h4acq6rzz5rff7yvlbzdgn6xl4l-imagemagick-7.1.2-13"
        },
        "aarch64-linux": {
          "outputs": [
            {
              "name": "out",
              "path": "/nix/store/b5yv5ps3a7v1cwq1l68378kif4qzxh8v-imagemagick-7.1.2-13",
              "default": true
            },
            {
              "name": "dev",
              "path": "/nix/store/3v60l8qhyz2sfralycsbh5361rw2i275-imagemagick-7.1.2-13-dev"
            },
            {
              "name": "doc",
              "path": "/nix/store/621hs7g0d9ylr5pzdlh73l3sr0l7slgb-imagemagick-7.1.2-13-doc"
            }
          ],
          "store_path": "/nix/store/b5yv5ps3a7v1cwq1l68378kif4qzxh8v-imagemagick-7.1.2-13"
        },
        "x86_64-darwin": {
          "outputs": [
            {
              "name": "out",
              "path": "/nix/store/z7qhlymzxsy2ld0715cnd6pgga0ba7pa-imagemagick-7.1.2-13",
              "default": true
            },
            {
              "name": "dev",
              "path": "/nix/store/6jni5nq4fhragkk7wkw4wfy38hhh9isj-imagemagick-7.1.2-13-dev"
            },
            {
              "name": "doc",
              "path": "/nix/store/hf85mj29i1d5fs6hrmis1z4fchlk3kfv-imagemagick-7.1.2-13-doc"
            }
          ],
          "store_path": "/nix/store/z7qhlymzxsy2ld0715cnd6pgga0ba7pa-imagemagick-7.1.2-13"
        },
        "x86_64-linux": {
          "outputs": [
            {
              "name": "out",
              "path": "/nix/store/1h2q0hs7448xh93rsd8r4xajcgds8nzj-imagemagick-7.1.2-13",
              "default": true
            },
            {
              "name": "dev",
              "path": "/nix/store/rhbqylwwwj0l3wffjgp8rlq1lds3slyf-imagemagick-7.1.2-13-dev"
            },
            {
              "name": "doc",
              "path": "/nix/store/wmwlk6qaqv0lf3wnc6jjkb69wig5jwac-imagemagick-7.1.2-13-doc"
            }
          ],
          "store_path": "/nix/store/1h2q0hs7448xh93rsd8r4xajcgds8nzj-imagemagick-7.1.2-13"
        }
      }
    },
    "nodejs_24@24.12.0": {
      "last_modified": "2025-12-27T12:56:01Z",
      "plugin_version": "0.0.2",
      "resolved": "github:NixOS/nixpkgs/3edc4a30ed3903fdf6f90c837f961fa6b49582d1#nodejs_24",
      "source": "devbox-search",
      "version": "24.12.0",
      "systems": {
        "aarch64-darwin": {
          "outputs": [
            {
              "name": "out",
              "path": "/nix/store/b1h0af3yb3z9jz048phclcqw6ihiww67-nodejs-24.12.0",
              "default": true
            },
            {
              "name": "dev",
              "path": "/nix/store/ksn4nj0nbp0ikmh4scy9x4biqqdswwhy-nodejs-24.12.0-dev"
            },
            {
              "name": "libv8",
              "path": "/nix/store/3x72bm7l30ib7l7cximrp0sklcq8jqwy-nodejs-24.12.0-libv8"
            }
          ],
          "store_path": "/nix/store/b1h0af3yb3z9jz048phclcqw6ihiww67-nodejs-24.12.0"
        },
        "aarch64-linux": {
          "outputs": [
            {
              "name": "out",
              "path": "/nix/store/9jfsyhcr9c6rpm94lrkibv75jkggvwss-nodejs-24.12.0",
              "default": true
            },
            {
              "name": "dev",
              "path": "/nix/store/7izhv9x1yvsmyrhmmyps6bxjjclajm80-nodejs-24.12.0-dev"
            },
            {
              "name": "libv8",
              "path": "/nix/store/8hl74pnc1qyz68rg10ixw7fz32hcxqkk-nodejs-24.12.0-libv8"
            }
          ],
          "store_path": "/nix/store/9jfsyhcr9c6rpm94lrkibv75jkggvwss-nodejs-24.12.0"
        },
        "x86_64-darwin": {
          "outputs": [
            {
              "name": "out",
              "path": "/nix/store/cj1243xswxvnwgifyiyg8axhn0r2vl48-nodejs-24.12.0",
              "default": true
            },
            {
              "name": "dev",
              "path": "/nix/store/kzia3rkaf9vwpn3py23q9v49jpjm6zx7-nodejs-24.12.0-dev"
            },
            {
              "name": "libv8",
              "path": "/nix/store/xszji81xj7ghjhz7jk0jkhb84nfwyd8f-nodejs-24.12.0-libv8"
            }
          ],
          "store_path": "/nix/store/cj1243xswxvnwgifyiyg8axhn0r2vl48-nodejs-24.12.0"
        },
        "x86_64-linux": {
          "outputs": [
            {
              "name": "out",
              "path": "/nix/store/9z1v3wyrxp6fpyzw21lcakd5w7aknzyc-nodejs-24.12.0",
              "default": true
            },
            {
              "name": "libv8",
              "path": "/nix/store/5yvx909wlis13qd2y1ahwl7ij21ma69a-nodejs-24.12.0-libv8"
            },
            {
              "name": "dev",
              "path": "/nix/store/7ll99p08gmpg0n048669p80zjibl5akr-nodejs-24.12.0-dev"
            }
          ],
          "store_path": "/nix/store/9z1v3wyrxp6fpyzw21lcakd5w7aknzyc-nodejs-24.12.0"
        }
      }
    }
  }
}
