{
  "lockfile_version": "1",
  "packages": {
    "bun@1.2.19": {
      "last_modified": "2025-07-24T15:00:16Z",
      "resolved": "github:NixOS/nixpkgs/b74a30dbc0a72e20df07d43109339f780b439291#bun",
      "source": "devbox-search",
      "version": "1.2.19",
      "systems": {
        "aarch64-darwin": {
          "outputs": [
            {
              "name": "out",
              "path": "/nix/store/xi538cxm2gd6k0srwnxvx380ymc78gaa-bun-1.2.19",
              "default": true
            }
          ],
          "store_path": "/nix/store/xi538cxm2gd6k0srwnxvx380ymc78gaa-bun-1.2.19"
        },
        "aarch64-linux": {
          "outputs": [
            {
              "name": "out",
              "path": "/nix/store/ayqrpbrc7r6868iflb71rmjzgwr1f2pg-bun-1.2.19",
              "default": true
            }
          ],
          "store_path": "/nix/store/ayqrpbrc7r6868iflb71rmjzgwr1f2pg-bun-1.2.19"
        },
        "x86_64-darwin": {
          "outputs": [
            {
              "name": "out",
              "path": "/nix/store/3csvln9p016hvis7rpmmcgv33ikz5n8s-bun-1.2.19",
              "default": true
            }
          ],
          "store_path": "/nix/store/3csvln9p016hvis7rpmmcgv33ikz5n8s-bun-1.2.19"
        },
        "x86_64-linux": {
          "outputs": [
            {
              "name": "out",
              "path": "/nix/store/bb93vc9drgyg8gs121knnwr160aynl1w-bun-1.2.19",
              "default": true
            }
          ],
          "store_path": "/nix/store/bb93vc9drgyg8gs121knnwr160aynl1w-bun-1.2.19"
        }
      }
    },
    "github:NixOS/nixpkgs/nixpkgs-unstable": {
      "resolved": "github:NixOS/nixpkgs/2d068ae5c6516b2d04562de50a58c682540de9bf?lastModified=1740303746&narHash=sha256-XcdiWLEhjJkMxDLKQJ0CCivmYYCvA5MDxu9pMybM5kM%3D"
    },
    "imagemagick@7.1.1-47": {
      "last_modified": "2025-06-20T02:24:11Z",
      "resolved": "github:NixOS/nixpkgs/076e8c6678d8c54204abcb4b1b14c366835a58bb#imagemagick",
      "source": "devbox-search",
      "version": "7.1.1-47",
      "systems": {
        "aarch64-darwin": {
          "outputs": [
            {
              "name": "out",
              "path": "/nix/store/3w06dz5yczsy9l5iad6x15if2fsj4rwz-imagemagick-7.1.1-47",
              "default": true
            },
            {
              "name": "dev",
              "path": "/nix/store/iv03zy153mgq00m3xpx4jcz6i6q2g923-imagemagick-7.1.1-47-dev"
            },
            {
              "name": "doc",
              "path": "/nix/store/wnw20gk6hpss2sbcxzzj9cxn0ar11s4j-imagemagick-7.1.1-47-doc"
            }
          ],
          "store_path": "/nix/store/3w06dz5yczsy9l5iad6x15if2fsj4rwz-imagemagick-7.1.1-47"
        },
        "aarch64-linux": {
          "outputs": [
            {
              "name": "out",
              "path": "/nix/store/dasd572y8gbz48bi7dlq5wvw86i3l95z-imagemagick-7.1.1-47",
              "default": true
            },
            {
              "name": "dev",
              "path": "/nix/store/h8bbyl2m8m5sgqaa6rshjjb2c9j5kyfa-imagemagick-7.1.1-47-dev"
            },
            {
              "name": "doc",
              "path": "/nix/store/6wkhrmmdrm6fwwciblmkzn9v54b7fp5r-imagemagick-7.1.1-47-doc"
            }
          ],
          "store_path": "/nix/store/dasd572y8gbz48bi7dlq5wvw86i3l95z-imagemagick-7.1.1-47"
        },
        "x86_64-darwin": {
          "outputs": [
            {
              "name": "out",
              "path": "/nix/store/hydd07w5m5k3crqp9gyw6k4gv5ila0x4-imagemagick-7.1.1-47",
              "default": true
            },
            {
              "name": "dev",
              "path": "/nix/store/7yqlrkfapcw2da81aywnia7x3k2y27i0-imagemagick-7.1.1-47-dev"
            },
            {
              "name": "doc",
              "path": "/nix/store/dv1x6pzqa8bk2gmnaq00nk6klhjpzkcc-imagemagick-7.1.1-47-doc"
            }
          ],
          "store_path": "/nix/store/hydd07w5m5k3crqp9gyw6k4gv5ila0x4-imagemagick-7.1.1-47"
        },
        "x86_64-linux": {
          "outputs": [
            {
              "name": "out",
              "path": "/nix/store/3rvn3p974bi9llyfr1sjrg02911l52b7-imagemagick-7.1.1-47",
              "default": true
            },
            {
              "name": "dev",
              "path": "/nix/store/c1na7xdwr8yd7vr91sqpl6avi0fqz8rf-imagemagick-7.1.1-47-dev"
            },
            {
              "name": "doc",
              "path": "/nix/store/hwl4bx329n402h935qls985jyxwppsry-imagemagick-7.1.1-47-doc"
            }
          ],
          "store_path": "/nix/store/3rvn3p974bi9llyfr1sjrg02911l52b7-imagemagick-7.1.1-47"
        }
      }
    },
    "nodejs_22@22.14.0": {
      "last_modified": "2025-02-23T09:42:26Z",
      "plugin_version": "0.0.2",
      "resolved": "github:NixOS/nixpkgs/2d068ae5c6516b2d04562de50a58c682540de9bf#nodejs_22",
      "source": "devbox-search",
      "version": "22.14.0",
      "systems": {
        "aarch64-darwin": {
          "outputs": [
            {
              "name": "out",
              "path": "/nix/store/91y8h7rysgi5cl8hsj2bmjd00dq2l9pk-nodejs-22.14.0",
              "default": true
            },
            {
              "name": "libv8",
              "path": "/nix/store/slffbl0q14qc93dslaynyzh005rd869s-nodejs-22.14.0-libv8"
            }
          ],
          "store_path": "/nix/store/91y8h7rysgi5cl8hsj2bmjd00dq2l9pk-nodejs-22.14.0"
        },
        "aarch64-linux": {
          "outputs": [
            {
              "name": "out",
              "path": "/nix/store/ji8zs96759g59b4q6kz94pbfq6gvlazx-nodejs-22.14.0",
              "default": true
            },
            {
              "name": "libv8",
              "path": "/nix/store/zb1ly8w6vdw2pjxwkbm3vymyfxyy7af8-nodejs-22.14.0-libv8"
            }
          ],
          "store_path": "/nix/store/ji8zs96759g59b4q6kz94pbfq6gvlazx-nodejs-22.14.0"
        },
        "x86_64-darwin": {
          "outputs": [
            {
              "name": "out",
              "path": "/nix/store/067kj1aav6z9jhqbkyapjwjjrgl38ihs-nodejs-22.14.0",
              "default": true
            },
            {
              "name": "libv8",
              "path": "/nix/store/24z3qqnvs154idkbbbpjd55m11clidad-nodejs-22.14.0-libv8"
            }
          ],
          "store_path": "/nix/store/067kj1aav6z9jhqbkyapjwjjrgl38ihs-nodejs-22.14.0"
        },
        "x86_64-linux": {
          "outputs": [
            {
              "name": "out",
              "path": "/nix/store/7l1wra7b87yci5dln0hm0k8rwww6f2xj-nodejs-22.14.0",
              "default": true
            },
            {
              "name": "libv8",
              "path": "/nix/store/3ympkr1v1z4r3vfyc6ikhx1chq5g464l-nodejs-22.14.0-libv8"
            }
          ],
          "store_path": "/nix/store/7l1wra7b87yci5dln0hm0k8rwww6f2xj-nodejs-22.14.0"
        }
      }
    }
  }
}
